github.com/wneessen/argon2 v0.0.3 h1:eUlA4OilYqx5C4BzNrUlGzpwWgR57GEdIT2Wsk5dXmQ=
github.com/wneessen/argon2 v0.0.3/go.mod h1:d3YWbNdUb+Mq1Mam3Lnhd0KPCerzNtZVUoLQJfI6q9U=
golang.org/x/crypto v0.43.0 h1:dduJYIi3A3KOfdGOHX8AVZ/jGiyPa3IbBozJ5kNuE04=
golang.org/x/crypto v0.43.0/go.mod h1:BFbav4mRNlXJL4wNeejLpWxB7wMbc79PdRGhWKncxR0=
golang.org/x/sys v0.37.0 h1:fdNQudmxPjkdUTPnLn5mdQv7Zwvbvpaxqs831goi9kQ=
golang.org/x/sys v0.37.0/go.mod h1:OgkHotnGiDImocRcuBABYBEXf8A9a87e/uXjp9XT3ks=
