github.com/wneessen/argon2 v0.0.3 h1:eUlA4OilYqx5C4BzNrUlGzpwWgR57GEdIT2Wsk5dXmQ=
github.com/wneessen/argon2 v0.0.3/go.mod h1:d3YWbNdUb+Mq1Mam3Lnhd0KPCerzNtZVUoLQJfI6q9U=
golang.org/x/crypto v0.40.0 h1:r4x+VvoG5Fm+eJcxMaY8CQM7Lb0l1lsmjGBQ6s8BfKM=
golang.org/x/crypto v0.40.0/go.mod h1:Qr1vMER5WyS2dfPHAlsOj01wgLbsyWtFn/aY+5+ZdxY=
golang.org/x/sys v0.34.0 h1:H5Y5sJ2L2JRdyv7ROF1he/lPdvFsd0mJHFw2ThKHxLA=
golang.org/x/sys v0.34.0/go.mod h1:BJP2sWEmIv4KK5OTEluFJCKSidICx8ciO85XgH3Ak8k=
